
Microsoft Visual Studio Solution File, Format Version 12.00
# Visual Studio Version 17
VisualStudioVersion = 17.11.35303.130
MinimumVisualStudioVersion = 10.0.40219.1
Project("{FAE04EC0-301F-11D3-BF4B-00C04F79EFBC}") = "marathon", "marathon\marathon.csproj", "{FF2A9706-7A0F-4871-840F-53E8EC83FED8}"
EndProject
Global
	GlobalSection(SolutionConfigurationPlatforms) = preSolution
		Debug|Any CPU = Debug|Any CPU
		Release|Any CPU = Release|Any CPU
	EndGlobalSection
	GlobalSection(ProjectConfigurationPlatforms) = postSolution
		{FF2A9706-7A0F-4871-840F-53E8EC83FED8}.Debug|Any CPU.ActiveCfg = Debug|Any CPU
		{FF2A9706-7A0F-4871-840F-53E8EC83FED8}.Debug|Any CPU.Build.0 = Debug|Any CPU
		{FF2A9706-7A0F-4871-840F-53E8EC83FED8}.Release|Any CPU.ActiveCfg = Release|Any CPU
		{FF2A9706-7A0F-4871-840F-53E8EC83FED8}.Release|Any CPU.Build.0 = Release|Any CPU
	EndGlobalSection
	GlobalSection(SolutionProperties) = preSolution
		HideSolutionNode = FALSE
	EndGlobalSection
	GlobalSection(ExtensibilityGlobals) = postSolution
		SolutionGuid = {BBC9DAC9-58D2-4467-93A6-DFBE886D6D94}
	EndGlobalSection
EndGlobal
